
Microsoft Visual Studio Solution File, Format Version 12.00
Project("{FAE04EC0-301F-11D3-BF4B-00C04F79EFBC}") = "N.1", "N.1\N.1.csproj", "{297C0F4C-8B05-489A-B7BA-DD66273C726E}"
EndProject
Global
	GlobalSection(SolutionConfigurationPlatforms) = preSolution
		Debug|Any CPU = Debug|Any CPU
		Release|Any CPU = Release|Any CPU
	EndGlobalSection
	GlobalSection(ProjectConfigurationPlatforms) = postSolution
		{297C0F4C-8B05-489A-B7BA-DD66273C726E}.Debug|Any CPU.ActiveCfg = Debug|Any CPU
		{297C0F4C-8B05-489A-B7BA-DD66273C726E}.Debug|Any CPU.Build.0 = Debug|Any CPU
		{297C0F4C-8B05-489A-B7BA-DD66273C726E}.Release|Any CPU.ActiveCfg = Release|Any CPU
		{297C0F4C-8B05-489A-B7BA-DD66273C726E}.Release|Any CPU.Build.0 = Release|Any CPU
	EndGlobalSection
EndGlobal
